// !$*UTF8*$!
{
	archiveVersion = 1;
	classes = {
	};
	objectVersion = 50;
	objects = {

/* Begin PBXBuildFile section */
		5893A272216DBEF6008BE30B /* AppDelegate.m in Sources */ = {isa = PBXBuildFile; fileRef = 5893A271216DBEF6008BE30B /* AppDelegate.m */; };
		5893A275216DBEF6008BE30B /* ViewController.m in Sources */ = {isa = PBXBuildFile; fileRef = 5893A274216DBEF6008BE30B /* ViewController.m */; };
		5893A278216DBEF6008BE30B /* Main.storyboard in Resources */ = {isa = PBXBuildFile; fileRef = 5893A276216DBEF6008BE30B /* Main.storyboard */; };
		5893A27A216DBEF7008BE30B /* Assets.xcassets in Resources */ = {isa = PBXBuildFile; fileRef = 5893A279216DBEF7008BE30B /* Assets.xcassets */; };
		5893A27D216DBEF7008BE30B /* LaunchScreen.storyboard in Resources */ = {isa = PBXBuildFile; fileRef = 5893A27B216DBEF7008BE30B /* LaunchScreen.storyboard */; };
		5893A280216DBEF7008BE30B /* main.m in Sources */ = {isa = PBXBuildFile; fileRef = 5893A27F216DBEF7008BE30B /* main.m */; };
/* End PBXBuildFile section */

/* Begin PBXFileReference section */
		5893A26D216DBEF6008BE30B /* SZAutoLayout.app */ = {isa = PBXFileReference; explicitFileType = wrapper.application; includeInIndex = 0; path = SZAutoLayout.app; sourceTree = BUILT_PRODUCTS_DIR; };
		5893A270216DBEF6008BE30B /* AppDelegate.h */ = {isa = PBXFileReference; lastKnownFileType = sourcecode.c.h; path = AppDelegate.h; sourceTree = "<group>"; };
		5893A271216DBEF6008BE30B /* AppDelegate.m */ = {isa = PBXFileReference; lastKnownFileType = sourcecode.c.objc; path = AppDelegate.m; sourceTree = "<group>"; };
		5893A273216DBEF6008BE30B /* ViewController.h */ = {isa = PBXFileReference; lastKnownFileType = sourcecode.c.h; path = ViewController.h; sourceTree = "<group>"; };
		5893A274216DBEF6008BE30B /* ViewController.m */ = {isa = PBXFileReference; lastKnownFileType = sourcecode.c.objc; path = ViewController.m; sourceTree = "<group>"; };
		5893A277216DBEF6008BE30B /* Base */ = {isa = PBXFileReference; lastKnownFileType = file.storyboard; name = Base; path = Base.lproj/Main.storyboard; sourceTree = "<group>"; };
		5893A279216DBEF7008BE30B /* Assets.xcassets */ = {isa = PBXFileReference; lastKnownFileType = folder.assetcatalog; path = Assets.xcassets; sourceTree = "<group>"; };
		5893A27C216DBEF7008BE30B /* Base */ = {isa = PBXFileReference; lastKnownFileType = file.storyboard; name = Base; path = Base.lproj/LaunchScreen.storyboard; sourceTree = "<group>"; };
		5893A27E216DBEF7008BE30B /* Info.plist */ = {isa = PBXFileReference; lastKnownFileType = text.plist.xml; path = Info.plist; sourceTree = "<group>"; };
		5893A27F216DBEF7008BE30B /* main.m */ = {isa = PBXFileReference; lastKnownFileType = sourcecode.c.objc; path = main.m; sourceTree = "<group>"; };
/* End PBXFileReference section */

/* Begin PBXFrameworksBuildPhase section */
		5893A26A216DBEF6008BE30B /* Frameworks */ = {
			isa = PBXFrameworksBuildPhase;
			buildActionMask = 2147483647;
			files = (
			);
			runOnlyForDeploymentPostprocessing = 0;
		};
/* End PBXFrameworksBuildPhase section */

/* Begin PBXGroup section */
		5893A264216DBEF6008BE30B = {
			isa = PBXGroup;
			children = (
				5893A26F216DBEF6008BE30B /* SZAutoLayout */,
				5893A26E216DBEF6008BE30B /* Products */,
			);
			sourceTree = "<group>";
		};
		5893A26E216DBEF6008BE30B /* Products */ = {
			isa = PBXGroup;
			children = (
				5893A26D216DBEF6008BE30B /* SZAutoLayout.app */,
			);
			name = Products;
			sourceTree = "<group>";
		};
		5893A26F216DBEF6008BE30B /* SZAutoLayout */ = {
			isa = PBXGroup;
			children = (
				5893A270216DBEF6008BE30B /* AppDelegate.h */,
				5893A271216DBEF6008BE30B /* AppDelegate.m */,
				5893A273216DBEF6008BE30B /* ViewController.h */,
				5893A274216DBEF6008BE30B /* ViewController.m */,
				5893A276216DBEF6008BE30B /* Main.storyboard */,
				5893A279216DBEF7008BE30B /* Assets.xcassets */,
				5893A27B216DBEF7008BE30B /* LaunchScreen.storyboard */,
				5893A27E216DBEF7008BE30B /* Info.plist */,
				5893A27F216DBEF7008BE30B /* main.m */,
			);
			path = SZAutoLayout;
			sourceTree = "<group>";
		};
/* End PBXGroup section */

/* Begin PBXNativeTarget section */
		5893A26C216DBEF6008BE30B /* SZAutoLayout */ = {
			isa = PBXNativeTarget;
			buildConfigurationList = 5893A283216DBEF7008BE30B /* Build configuration list for PBXNativeTarget "SZAutoLayout" */;
			buildPhases = (
				5893A269216DBEF6008BE30B /* Sources */,
				5893A26A216DBEF6008BE30B /* Frameworks */,
				5893A26B216DBEF6008BE30B /* Resources */,
			);
			buildRules = (
			);
			dependencies = (
			);
			name = SZAutoLayout;
			productName = SZAutoLayout;
			productReference = 5893A26D216DBEF6008BE30B /* SZAutoLayout.app */;
			productType = "com.apple.product-type.application";
		};
/* End PBXNativeTarget section */

/* Begin PBXProject section */
		5893A265216DBEF6008BE30B /* Project object */ = {
			isa = PBXProject;
			attributes = {
				LastUpgradeCheck = 1000;
				ORGANIZATIONNAME = songzhou;
				TargetAttributes = {
					5893A26C216DBEF6008BE30B = {
						CreatedOnToolsVersion = 10.0;
					};
				};
			};
			buildConfigurationList = 5893A268216DBEF6008BE30B /* Build configuration list for PBXProject "SZAutoLayout" */;
			compatibilityVersion = "Xcode 9.3";
			developmentRegion = en;
			hasScannedForEncodings = 0;
			knownRegions = (
				en,
				Base,
			);
			mainGroup = 5893A264216DBEF6008BE30B;
			productRefGroup = 5893A26E216DBEF6008BE30B /* Products */;
			projectDirPath = "";
			projectRoot = "";
			targets = (
				5893A26C216DBEF6008BE30B /* SZAutoLayout */,
			);
		};
/* End PBXProject section */

/* Begin PBXResourcesBuildPhase section */
		5893A26B216DBEF6008BE30B /* Resources */ = {
			isa = PBXResourcesBuildPhase;
			buildActionMask = 2147483647;
			files = (
				5893A27D216DBEF7008BE30B /* LaunchScreen.storyboard in Resources */,
				5893A27A216DBEF7008BE30B /* Assets.xcassets in Resources */,
				5893A278216DBEF6008BE30B /* Main.storyboard in Resources */,
			);
			runOnlyForDeploymentPostprocessing = 0;
		};
/* End PBXResourcesBuildPhase section */

/* Begin PBXSourcesBuildPhase section */
		5893A269216DBEF6008BE30B /* Sources */ = {
			isa = PBXSourcesBuildPhase;
			buildActionMask = 2147483647;
			files = (
				5893A275216DBEF6008BE30B /* ViewController.m in Sources */,
				5893A280216DBEF7008BE30B /* main.m in Sources */,
				5893A272216DBEF6008BE30B /* AppDelegate.m in Sources */,
			);
			runOnlyForDeploymentPostprocessing = 0;
		};
/* End PBXSourcesBuildPhase section */

/* Begin PBXVariantGroup section */
		5893A276216DBEF6008BE30B /* Main.storyboard */ = {
			isa = PBXVariantGroup;
			children = (
				5893A277216DBEF6008BE30B /* Base */,
			);
			name = Main.storyboard;
			sourceTree = "<group>";
		};
		5893A27B216DBEF7008BE30B /* LaunchScreen.storyboard */ = {
			isa = PBXVariantGroup;
			children = (
				5893A27C216DBEF7008BE30B /* Base */,
			);
			name = LaunchScreen.storyboard;
			sourceTree = "<group>";
		};
/* End PBXVariantGroup section */

/* Begin XCBuildConfiguration section */
		5893A281216DBEF7008BE30B /* Debug */ = {
			isa = XCBuildConfiguration;
			buildSettings = {
				ALWAYS_SEARCH_USER_PATHS = NO;
				CLANG_ANALYZER_NONNULL = YES;
				CLANG_ANALYZER_NUMBER_OBJECT_CONVERSION = YES_AGGRESSIVE;
				CLANG_CXX_LANGUAGE_STANDARD = "gnu++14";
				CLANG_CXX_LIBRARY = "libc++";
				CLANG_ENABLE_MODULES = YES;
				CLANG_ENABLE_OBJC_ARC = YES;
				CLANG_ENABLE_OBJC_WEAK = YES;
				CLANG_WARN_BLOCK_CAPTURE_AUTORELEASING = YES;
				CLANG_WARN_BOOL_CONVERSION = YES;
				CLANG_WARN_COMMA = YES;
				CLANG_WARN_CONSTANT_CONVERSION = YES;
				CLANG_WARN_DEPRECATED_OBJC_IMPLEMENTATIONS = YES;
				CLANG_WARN_DIRECT_OBJC_ISA_USAGE = YES_ERROR;
				CLANG_WARN_DOCUMENTATION_COMMENTS = YES;
				CLANG_WARN_EMPTY_BODY = YES;
				CLANG_WARN_ENUM_CONVERSION = YES;
				CLANG_WARN_INFINITE_RECURSION = YES;
				CLANG_WARN_INT_CONVERSION = YES;
				CLANG_WARN_NON_LITERAL_NULL_CONVERSION = YES;
				CLANG_WARN_OBJC_IMPLICIT_RETAIN_SELF = YES;
				CLANG_WARN_OBJC_LITERAL_CONVERSION = YES;
				CLANG_WARN_OBJC_ROOT_CLASS = YES_ERROR;
				CLANG_WARN_RANGE_LOOP_ANALYSIS = YES;
				CLANG_WARN_STRICT_PROTOTYPES = YES;
				CLANG_WARN_SUSPICIOUS_MOVE = YES;
				CLANG_WARN_UNGUARDED_AVAILABILITY = YES_AGGRESSIVE;
				CLANG_WARN_UNREACHABLE_CODE = YES;
				CLANG_WARN__DUPLICATE_METHOD_MATCH = YES;
				CODE_SIGN_IDENTITY = "iPhone Developer";
				COPY_PHASE_STRIP = NO;
				DEBUG_INFORMATION_FORMAT = dwarf;
				ENABLE_STRICT_OBJC_MSGSEND = YES;
				ENABLE_TESTABILITY = YES;
				GCC_C_LANGUAGE_STANDARD = gnu11;
				GCC_DYNAMIC_NO_PIC = NO;
				GCC_NO_COMMON_BLOCKS = YES;
				GCC_OPTIMIZATION_LEVEL = 0;
				GCC_PREPROCESSOR_DEFINITIONS = (
					"DEBUG=1",
					"$(inherited)",
				);
				GCC_WARN_64_TO_32_BIT_CONVERSION = YES;
				GCC_WARN_ABOUT_RETURN_TYPE = YES_ERROR;
				GCC_WARN_UNDECLARED_SELECTOR = YES;
				GCC_WARN_UNINITIALIZED_AUTOS = YES_AGGRESSIVE;
				GCC_WARN_UNUSED_FUNCTION = YES;
				GCC_WARN_UNUSED_VARIABLE = YES;
				IPHONEOS_DEPLOYMENT_TARGET = 12.0;
				MTL_ENABLE_DEBUG_INFO = INCLUDE_SOURCE;
				MTL_FAST_MATH = YES;
				ONLY_ACTIVE_ARCH = YES;
				SDKROOT = iphoneos;
			};
			name = Debug;
		};
		5893A282216DBEF7008BE30B /* Release */ = {
			isa = XCBuildConfiguration;
			buildSettings = {
				ALWAYS_SEARCH_USER_PATHS = NO;
				CLANG_ANALYZER_NONNULL = YES;
				CLANG_ANALYZER_NUMBER_OBJECT_CONVERSION = YES_AGGRESSIVE;
				CLANG_CXX_LANGUAGE_STANDARD = "gnu++14";
				CLANG_CXX_LIBRARY = "libc++";
				CLANG_ENABLE_MODULES = YES;
				CLANG_ENABLE_OBJC_ARC = YES;
				CLANG_ENABLE_OBJC_WEAK = YES;
				CLANG_WARN_BLOCK_CAPTURE_AUTORELEASING = YES;
				CLANG_WARN_BOOL_CONVERSION = YES;
				CLANG_WARN_COMMA = YES;
				CLANG_WARN_CONSTANT_CONVERSION = YES;
				CLANG_WARN_DEPRECATED_OBJC_IMPLEMENTATIONS = YES;
				CLANG_WARN_DIRECT_OBJC_ISA_USAGE = YES_ERROR;
				CLANG_WARN_DOCUMENTATION_COMMENTS = YES;
				CLANG_WARN_EMPTY_BODY = YES;
				CLANG_WARN_ENUM_CONVERSION = YES;
				CLANG_WARN_INFINITE_RECURSION = YES;
				CLANG_WARN_INT_CONVERSION = YES;
				CLANG_WARN_NON_LITERAL_NULL_CONVERSION = YES;
				CLANG_WARN_OBJC_IMPLICIT_RETAIN_SELF = YES;
				CLANG_WARN_OBJC_LITERAL_CONVERSION = YES;
				CLANG_WARN_OBJC_ROOT_CLASS = YES_ERROR;
				CLANG_WARN_RANGE_LOOP_ANALYSIS = YES;
				CLANG_WARN_STRICT_PROTOTYPES = YES;
				CLANG_WARN_SUSPICIOUS_MOVE = YES;
				CLANG_WARN_UNGUARDED_AVAILABILITY = YES_AGGRESSIVE;
				CLANG_WARN_UNREACHABLE_CODE = YES;
				CLANG_WARN__DUPLICATE_METHOD_MATCH = YES;
				CODE_SIGN_IDENTITY = "iPhone Developer";
				COPY_PHASE_STRIP = NO;
				DEBUG_INFORMATION_FORMAT = "dwarf-with-dsym";
				ENABLE_NS_ASSERTIONS = NO;
				ENABLE_STRICT_OBJC_MSGSEND = YES;
				GCC_C_LANGUAGE_STANDARD = gnu11;
				GCC_NO_COMMON_BLOCKS = YES;
				GCC_WARN_64_TO_32_BIT_CONVERSION = YES;
				GCC_WARN_ABOUT_RETURN_TYPE = YES_ERROR;
				GCC_WARN_UNDECLARED_SELECTOR = YES;
				GCC_WARN_UNINITIALIZED_AUTOS = YES_AGGRESSIVE;
				GCC_WARN_UNUSED_FUNCTION = YES;
				GCC_WARN_UNUSED_VARIABLE = YES;
				IPHONEOS_DEPLOYMENT_TARGET = 12.0;
				MTL_ENABLE_DEBUG_INFO = NO;
				MTL_FAST_MATH = YES;
				SDKROOT = iphoneos;
				VALIDATE_PRODUCT = YES;
			};
			name = Release;
		};
		5893A284216DBEF7008BE30B /* Debug */ = {
			isa = XCBuildConfiguration;
			buildSettings = {
				ASSETCATALOG_COMPILER_APPICON_NAME = AppIcon;
				CODE_SIGN_STYLE = Automatic;
				DEVELOPMENT_TEAM = 2484Z5XMVT;
				INFOPLIST_FILE = SZAutoLayout/Info.plist;
				LD_RUNPATH_SEARCH_PATHS = (
					"$(inherited)",
					"@executable_path/Frameworks",
				);
				PRODUCT_BUNDLE_IDENTIFIER = com.songzhou.SZAutoLayout;
				PRODUCT_NAME = "$(TARGET_NAME)";
				TARGETED_DEVICE_FAMILY = "1,2";
			};
			name = Debug;
		};
		5893A285216DBEF7008BE30B /* Release */ = {
			isa = XCBuildConfiguration;
			buildSettings = {
				ASSETCATALOG_COMPILER_APPICON_NAME = AppIcon;
				CODE_SIGN_STYLE = Automatic;
				DEVELOPMENT_TEAM = 2484Z5XMVT;
				INFOPLIST_FILE = SZAutoLayout/Info.plist;
				LD_RUNPATH_SEARCH_PATHS = (
					"$(inherited)",
					"@executable_path/Frameworks",
				);
				PRODUCT_BUNDLE_IDENTIFIER = com.songzhou.SZAutoLayout;
				PRODUCT_NAME = "$(TARGET_NAME)";
				TARGETED_DEVICE_FAMILY = "1,2";
			};
			name = Release;
		};
/* End XCBuildConfiguration section */

/* Begin XCConfigurationList section */
		5893A268216DBEF6008BE30B /* Build configuration list for PBXProject "SZAutoLayout" */ = {
			isa = XCConfigurationList;
			buildConfigurations = (
				5893A281216DBEF7008BE30B /* Debug */,
				5893A282216DBEF7008BE30B /* Release */,
			);
			defaultConfigurationIsVisible = 0;
			defaultConfigurationName = Release;
		};
		5893A283216DBEF7008BE30B /* Build configuration list for PBXNativeTarget "SZAutoLayout" */ = {
			isa = XCConfigurationList;
			buildConfigurations = (
				5893A284216DBEF7008BE30B /* Debug */,
				5893A285216DBEF7008BE30B /* Release */,
			);
			defaultConfigurationIsVisible = 0;
			defaultConfigurationName = Release;
		};
/* End XCConfigurationList section */
	};
	rootObject = 5893A265216DBEF6008BE30B /* Project object */;
}
